dependencies:
- name: mongodb
  repository: https://charts.bitnami.com/bitnami
  version: 12.1.31
- name: minio
  repository: https://charts.bitnami.com/bitnami
  version: 12.8.15
- name: rabbitmq
  repository: https://charts.bitnami.com/bitnami
  version: 10.3.9
- name: elasticsearch
  repository: https://charts.bitnami.com/bitnami
  version: 19.13.5
- name: keycloak
  repository: https://charts.bitnami.com/bitnami
  version: 10.1.8
digest: sha256:67aee2c725642343853f48b2ccd6f850d7a053185b45a92589060a927fcfd680
generated: "2023-10-23T14:15:41.378436-05:00"
