dependencies:
- name: mongodb
  repository: https://charts.bitnami.com/bitnami
  version: 12.1.31
- name: minio
  repository: https://charts.bitnami.com/bitnami
  version: 12.13.2
- name: rabbitmq
  repository: https://charts.bitnami.com/bitnami
  version: 10.3.9
- name: elasticsearch
  repository: https://charts.bitnami.com/bitnami
  version: 19.17.6
- name: keycloak
  repository: https://charts.bitnami.com/bitnami
  version: 13.4.1
digest: sha256:bc6716e0e75da58a375db706ad62a53f3730c867b1a51b75f756a6726ad39d0f
generated: "2024-02-12T16:23:45.259548-06:00"
