dependencies:
- name: mongodb
  repository: https://charts.bitnami.com/bitnami
  version: 12.1.31
- name: minio
  repository: https://charts.bitnami.com/bitnami
  version: 11.10.3
- name: rabbitmq
  repository: https://charts.bitnami.com/bitnami
  version: 10.3.6
- name: elasticsearch
  repository: https://charts.bitnami.com/bitnami
  version: 19.4.2
- name: keycloak
  repository: https://charts.bitnami.com/bitnami
  version: 10.1.2
digest: sha256:0c0e022885173885dfd6097d9a39dc22082515c41b93cda8cf9756a5d019a84f
generated: "2022-09-30T15:19:12.308156-05:00"
