dependencies:
- name: mongodb
  repository: https://charts.bitnami.com/bitnami
  version: 12.1.31
- name: minio
  repository: https://charts.bitnami.com/bitnami
  version: 11.10.26
- name: rabbitmq
  repository: https://charts.bitnami.com/bitnami
  version: 10.3.9
- name: elasticsearch
  repository: https://charts.bitnami.com/bitnami
  version: 19.6.0
- name: keycloak
  repository: https://charts.bitnami.com/bitnami
  version: 10.1.8
digest: sha256:08bc8a74d34e0a1005a393ee128598db40a0a1746e662a9786dde567e6272658
generated: "2023-04-27T08:37:57.362327-05:00"
